<?xml version="1.0" encoding="utf-8"?>
<Project ToolsVersion="4.0" xmlns="http://schemas.microsoft.com/developer/msbuild/2003">
  <ItemGroup>
    <ClCompile Include="..\Sources\Device.cpp" />
    <ClCompile Include="..\Sources\Main.cpp" />
    <ClCompile Include="..\Sources\Buffer.cpp" />
    <ClCompile Include="..\Sources\Texture2D.cpp" />
    <ClCompile Include="..\Sources\Shader.cpp" />
  </ItemGroup>
  <ItemGroup>
    <ClInclude Include="..\Sources\Device.h" />
    <ClInclude Include="..\Sources\Buffer.h" />
    <ClInclude Include="..\Sources\Texture2D.h" />
    <ClInclude Include="..\Sources\Shader.h" />
  </ItemGroup>
</Project>